
Microsoft Visual Studio Solution File, Format Version 12.00
# Visual Studio Version 17
VisualStudioVersion = 17.14.36616.10 d17.14
MinimumVisualStudioVersion = 10.0.40219.1
Project("{FAE04EC0-301F-11D3-BF4B-00C04F79EFBC}") = "Proyecto", "Proyecto.csproj", "{F132C654-B781-488B-AB4A-DE0979645F9E}"
EndProject
Global
	GlobalSection(SolutionConfigurationPlatforms) = preSolution
		Debug|Any CPU = Debug|Any CPU
		Release|Any CPU = Release|Any CPU
	EndGlobalSection
	GlobalSection(ProjectConfigurationPlatforms) = postSolution
		{F132C654-B781-488B-AB4A-DE0979645F9E}.Debug|Any CPU.ActiveCfg = Debug|Any CPU
		{F132C654-B781-488B-AB4A-DE0979645F9E}.Debug|Any CPU.Build.0 = Debug|Any CPU
		{F132C654-B781-488B-AB4A-DE0979645F9E}.Release|Any CPU.ActiveCfg = Release|Any CPU
		{F132C654-B781-488B-AB4A-DE0979645F9E}.Release|Any CPU.Build.0 = Release|Any CPU
	EndGlobalSection
	GlobalSection(SolutionProperties) = preSolution
		HideSolutionNode = FALSE
	EndGlobalSection
	GlobalSection(ExtensibilityGlobals) = postSolution
		SolutionGuid = {24C013BF-188A-451A-905A-3C29BDCA031B}
	EndGlobalSection
EndGlobal
